
Microsoft Visual Studio Solution File, Format Version 12.00
# Visual Studio Version 17
VisualStudioVersion = 17.1.32407.343
MinimumVisualStudioVersion = 10.0.40219.1
Project("{FAE04EC0-301F-11D3-BF4B-00C04F79EFBC}") = "console-app", "console-app\console-app.csproj", "{AA7D8A2B-53CF-4A15-8956-DCD49972512B}"
EndProject
Project("{FAE04EC0-301F-11D3-BF4B-00C04F79EFBC}") = "test-console-app", "test-console-app\test-console-app.csproj", "{7907E699-54B4-4D72-93A6-B07EA84DFEA5}"
EndProject
Global
	GlobalSection(SolutionConfigurationPlatforms) = preSolution
		Debug|Any CPU = Debug|Any CPU
		Release|Any CPU = Release|Any CPU
	EndGlobalSection
	GlobalSection(ProjectConfigurationPlatforms) = postSolution
		{AA7D8A2B-53CF-4A15-8956-DCD49972512B}.Debug|Any CPU.ActiveCfg = Debug|Any CPU
		{AA7D8A2B-53CF-4A15-8956-DCD49972512B}.Debug|Any CPU.Build.0 = Debug|Any CPU
		{AA7D8A2B-53CF-4A15-8956-DCD49972512B}.Release|Any CPU.ActiveCfg = Release|Any CPU
		{AA7D8A2B-53CF-4A15-8956-DCD49972512B}.Release|Any CPU.Build.0 = Release|Any CPU
		{7907E699-54B4-4D72-93A6-B07EA84DFEA5}.Debug|Any CPU.ActiveCfg = Debug|Any CPU
		{7907E699-54B4-4D72-93A6-B07EA84DFEA5}.Debug|Any CPU.Build.0 = Debug|Any CPU
		{7907E699-54B4-4D72-93A6-B07EA84DFEA5}.Release|Any CPU.ActiveCfg = Release|Any CPU
		{7907E699-54B4-4D72-93A6-B07EA84DFEA5}.Release|Any CPU.Build.0 = Release|Any CPU
	EndGlobalSection
	GlobalSection(SolutionProperties) = preSolution
		HideSolutionNode = FALSE
	EndGlobalSection
	GlobalSection(ExtensibilityGlobals) = postSolution
		SolutionGuid = {77610D4D-1356-4A73-BB08-95FCCD37EA6F}
	EndGlobalSection
EndGlobal
